
Microsoft Visual Studio Solution File, Format Version 12.00
# Visual Studio Version 17
VisualStudioVersion = 17.6.33815.320
MinimumVisualStudioVersion = 10.0.40219.1
Project("{9A19103F-16F7-4668-BE54-9A1E7A4F7556}") = "WebProject.Models", "WebProject.Models\WebProject.Models.csproj", "{3354347B-574A-445D-8637-D9728C416FFE}"
EndProject
Project("{9A19103F-16F7-4668-BE54-9A1E7A4F7556}") = "WebProject.Utility", "WebProject.Utility\WebProject.Utility.csproj", "{F66E7B47-E7D9-45C5-B408-10CFCB38CEBF}"
EndProject
Project("{9A19103F-16F7-4668-BE54-9A1E7A4F7556}") = "WebProject.DataAccess", "WebProject.DataAccess\WebProject.DataAccess.csproj", "{8F962EF9-35EA-4B22-BAD1-227233F6D000}"
EndProject
Project("{9A19103F-16F7-4668-BE54-9A1E7A4F7556}") = "WebBookProject", "WebBookProject\WebBookProject.csproj", "{639FB3AF-C4E1-488E-83B6-4088F5681462}"
EndProject
Global
	GlobalSection(SolutionConfigurationPlatforms) = preSolution
		Debug|Any CPU = Debug|Any CPU
		Release|Any CPU = Release|Any CPU
	EndGlobalSection
	GlobalSection(ProjectConfigurationPlatforms) = postSolution
		{3354347B-574A-445D-8637-D9728C416FFE}.Debug|Any CPU.ActiveCfg = Debug|Any CPU
		{3354347B-574A-445D-8637-D9728C416FFE}.Debug|Any CPU.Build.0 = Debug|Any CPU
		{3354347B-574A-445D-8637-D9728C416FFE}.Release|Any CPU.ActiveCfg = Release|Any CPU
		{3354347B-574A-445D-8637-D9728C416FFE}.Release|Any CPU.Build.0 = Release|Any CPU
		{F66E7B47-E7D9-45C5-B408-10CFCB38CEBF}.Debug|Any CPU.ActiveCfg = Debug|Any CPU
		{F66E7B47-E7D9-45C5-B408-10CFCB38CEBF}.Debug|Any CPU.Build.0 = Debug|Any CPU
		{F66E7B47-E7D9-45C5-B408-10CFCB38CEBF}.Release|Any CPU.ActiveCfg = Release|Any CPU
		{F66E7B47-E7D9-45C5-B408-10CFCB38CEBF}.Release|Any CPU.Build.0 = Release|Any CPU
		{8F962EF9-35EA-4B22-BAD1-227233F6D000}.Debug|Any CPU.ActiveCfg = Debug|Any CPU
		{8F962EF9-35EA-4B22-BAD1-227233F6D000}.Debug|Any CPU.Build.0 = Debug|Any CPU
		{8F962EF9-35EA-4B22-BAD1-227233F6D000}.Release|Any CPU.ActiveCfg = Release|Any CPU
		{8F962EF9-35EA-4B22-BAD1-227233F6D000}.Release|Any CPU.Build.0 = Release|Any CPU
		{639FB3AF-C4E1-488E-83B6-4088F5681462}.Debug|Any CPU.ActiveCfg = Debug|Any CPU
		{639FB3AF-C4E1-488E-83B6-4088F5681462}.Debug|Any CPU.Build.0 = Debug|Any CPU
		{639FB3AF-C4E1-488E-83B6-4088F5681462}.Release|Any CPU.ActiveCfg = Release|Any CPU
		{639FB3AF-C4E1-488E-83B6-4088F5681462}.Release|Any CPU.Build.0 = Release|Any CPU
	EndGlobalSection
	GlobalSection(SolutionProperties) = preSolution
		HideSolutionNode = FALSE
	EndGlobalSection
	GlobalSection(ExtensibilityGlobals) = postSolution
		SolutionGuid = {019AFF3C-7A0F-4463-80DE-54D9FFFDAABE}
	EndGlobalSection
EndGlobal
